{
  "version": 4,
  "terraform_version": "1.3.7",
  "serial": 119,
  "lineage": "b0246ec5-8573-f6c6-bae7-307f0012437f",
  "outputs": {
    "ec2primaryips": {
      "value": [
        [
          "54.174.84.182"
        ]
      ],
      "type": [
        "tuple",
        [
          [
            "tuple",
            [
              "string"
            ]
          ]
        ]
      ]
    },
    "ec2secondaryips": {
      "value": [
        [
          "52.21.240.151"
        ]
      ],
      "type": [
        "tuple",
        [
          [
            "tuple",
            [
              "string"
            ]
          ]
        ]
      ]
    }
  },
  "resources": [
    {
      "mode": "managed",
      "type": "aws_instance",
      "name": "demo-primary",
      "provider": "provider[\"registry.terraform.io/hashicorp/aws\"]",
      "instances": [
        {
          "index_key": 0,
          "schema_version": 1,
          "attributes": {
            "ami": "ami-00874d747dde814fa",
            "arn": "arn:aws:ec2:us-east-1:585479176787:instance/i-0f9fa8d156f94d164",
            "associate_public_ip_address": true,
            "availability_zone": "us-east-1c",
            "capacity_reservation_specification": [
              {
                "capacity_reservation_preference": "open",
                "capacity_reservation_target": []
              }
            ],
            "cpu_core_count": 1,
            "cpu_threads_per_core": 1,
            "credit_specification": [
              {
                "cpu_credits": "standard"
              }
            ],
            "disable_api_stop": false,
            "disable_api_termination": false,
            "ebs_block_device": [],
            "ebs_optimized": false,
            "enclave_options": [
              {
                "enabled": false
              }
            ],
            "ephemeral_block_device": [],
            "get_password_data": false,
            "hibernation": false,
            "host_id": "",
            "host_resource_group_arn": null,
            "iam_instance_profile": "",
            "id": "i-0f9fa8d156f94d164",
            "instance_initiated_shutdown_behavior": "stop",
            "instance_state": "running",
            "instance_type": "t2.micro",
            "ipv6_address_count": 0,
            "ipv6_addresses": [],
            "key_name": "demokey",
            "launch_template": [],
            "maintenance_options": [
              {
                "auto_recovery": "default"
              }
            ],
            "metadata_options": [
              {
                "http_endpoint": "enabled",
                "http_put_response_hop_limit": 1,
                "http_tokens": "optional",
                "instance_metadata_tags": "disabled"
              }
            ],
            "monitoring": false,
            "network_interface": [],
            "outpost_arn": "",
            "password_data": "",
            "placement_group": "",
            "placement_partition_number": 0,
            "primary_network_interface_id": "eni-04eaffe2fade6a8b8",
            "private_dns": "ip-10-10-1-91.ec2.internal",
            "private_dns_name_options": [
              {
                "enable_resource_name_dns_a_record": false,
                "enable_resource_name_dns_aaaa_record": false,
                "hostname_type": "ip-name"
              }
            ],
            "private_ip": "10.10.1.91",
            "public_dns": "",
            "public_ip": "54.174.84.182",
            "root_block_device": [
              {
                "delete_on_termination": true,
                "device_name": "/dev/sda1",
                "encrypted": false,
                "iops": 100,
                "kms_key_id": "",
                "tags": null,
                "throughput": 0,
                "volume_id": "vol-0a68e35ff06330feb",
                "volume_size": 25,
                "volume_type": "gp2"
              }
            ],
            "secondary_private_ips": [],
            "security_groups": [],
            "source_dest_check": true,
            "subnet_id": "subnet-00902cb3b70525ff7",
            "tags": {
              "Deployment": "Demo",
              "Name": "Primary",
              "Role": "Primary",
              "UUID": "7866e85b-0a85-490a-880b-7dfb71ed56b9"
            },
            "tags_all": {
              "Deployment": "Demo",
              "Name": "Primary",
              "Role": "Primary",
              "UUID": "7866e85b-0a85-490a-880b-7dfb71ed56b9"
            },
            "tenancy": "default",
            "timeouts": null,
            "user_data": null,
            "user_data_base64": null,
            "user_data_replace_on_change": false,
            "volume_tags": null,
            "vpc_security_group_ids": [
              "sg-0ad3473c8b682a3f8"
            ]
          },
          "sensitive_attributes": [],
          "private": "eyJlMmJmYjczMC1lY2FhLTExZTYtOGY4OC0zNDM2M2JjN2M0YzAiOnsiY3JlYXRlIjo2MDAwMDAwMDAwMDAsImRlbGV0ZSI6MTIwMDAwMDAwMDAwMCwidXBkYXRlIjo2MDAwMDAwMDAwMDB9LCJzY2hlbWFfdmVyc2lvbiI6IjEifQ==",
          "dependencies": [
            "aws_security_group.demo-sg",
            "aws_subnet.demo-subnet",
            "aws_vpc.vpc-demo"
          ]
        }
      ]
    },
    {
      "mode": "managed",
      "type": "aws_instance",
      "name": "demo-secondary",
      "provider": "provider[\"registry.terraform.io/hashicorp/aws\"]",
      "instances": [
        {
          "index_key": 0,
          "schema_version": 1,
          "attributes": {
            "ami": "ami-00874d747dde814fa",
            "arn": "arn:aws:ec2:us-east-1:585479176787:instance/i-0f32fe37d6e6069c3",
            "associate_public_ip_address": true,
            "availability_zone": "us-east-1c",
            "capacity_reservation_specification": [
              {
                "capacity_reservation_preference": "open",
                "capacity_reservation_target": []
              }
            ],
            "cpu_core_count": 1,
            "cpu_threads_per_core": 1,
            "credit_specification": [
              {
                "cpu_credits": "standard"
              }
            ],
            "disable_api_stop": false,
            "disable_api_termination": false,
            "ebs_block_device": [],
            "ebs_optimized": false,
            "enclave_options": [
              {
                "enabled": false
              }
            ],
            "ephemeral_block_device": [],
            "get_password_data": false,
            "hibernation": false,
            "host_id": "",
            "host_resource_group_arn": null,
            "iam_instance_profile": "",
            "id": "i-0f32fe37d6e6069c3",
            "instance_initiated_shutdown_behavior": "stop",
            "instance_state": "running",
            "instance_type": "t2.micro",
            "ipv6_address_count": 0,
            "ipv6_addresses": [],
            "key_name": "demokey",
            "launch_template": [],
            "maintenance_options": [
              {
                "auto_recovery": "default"
              }
            ],
            "metadata_options": [
              {
                "http_endpoint": "enabled",
                "http_put_response_hop_limit": 1,
                "http_tokens": "optional",
                "instance_metadata_tags": "disabled"
              }
            ],
            "monitoring": false,
            "network_interface": [],
            "outpost_arn": "",
            "password_data": "",
            "placement_group": "",
            "placement_partition_number": 0,
            "primary_network_interface_id": "eni-04407ba04d911e181",
            "private_dns": "ip-10-10-1-54.ec2.internal",
            "private_dns_name_options": [
              {
                "enable_resource_name_dns_a_record": false,
                "enable_resource_name_dns_aaaa_record": false,
                "hostname_type": "ip-name"
              }
            ],
            "private_ip": "10.10.1.54",
            "public_dns": "",
            "public_ip": "52.21.240.151",
            "root_block_device": [
              {
                "delete_on_termination": true,
                "device_name": "/dev/sda1",
                "encrypted": false,
                "iops": 150,
                "kms_key_id": "",
                "tags": null,
                "throughput": 0,
                "volume_id": "vol-0d9133f1bc81ea6e5",
                "volume_size": 50,
                "volume_type": "gp2"
              }
            ],
            "secondary_private_ips": [],
            "security_groups": [],
            "source_dest_check": true,
            "subnet_id": "subnet-00902cb3b70525ff7",
            "tags": {
              "Deployment": "Demo",
              "Name": "Secondary",
              "Role": "Secondary",
              "UUID": "7866e85b-0a85-490a-880b-7dfb71ed56b9"
            },
            "tags_all": {
              "Deployment": "Demo",
              "Name": "Secondary",
              "Role": "Secondary",
              "UUID": "7866e85b-0a85-490a-880b-7dfb71ed56b9"
            },
            "tenancy": "default",
            "timeouts": null,
            "user_data": null,
            "user_data_base64": null,
            "user_data_replace_on_change": false,
            "volume_tags": null,
            "vpc_security_group_ids": [
              "sg-0ad3473c8b682a3f8"
            ]
          },
          "sensitive_attributes": [],
          "private": "eyJlMmJmYjczMC1lY2FhLTExZTYtOGY4OC0zNDM2M2JjN2M0YzAiOnsiY3JlYXRlIjo2MDAwMDAwMDAwMDAsImRlbGV0ZSI6MTIwMDAwMDAwMDAwMCwidXBkYXRlIjo2MDAwMDAwMDAwMDB9LCJzY2hlbWFfdmVyc2lvbiI6IjEifQ==",
          "dependencies": [
            "aws_key_pair.pk",
            "aws_security_group.demo-sg",
            "aws_subnet.demo-subnet",
            "aws_vpc.vpc-demo",
            "tls_private_key.pk"
          ]
        }
      ]
    },
    {
      "mode": "managed",
      "type": "aws_internet_gateway",
      "name": "demo-ig",
      "provider": "provider[\"registry.terraform.io/hashicorp/aws\"]",
      "instances": [
        {
          "schema_version": 0,
          "attributes": {
            "arn": "arn:aws:ec2:us-east-1:585479176787:internet-gateway/igw-0f5a4939b7979d1d0",
            "id": "igw-0f5a4939b7979d1d0",
            "owner_id": "585479176787",
            "tags": {
              "Deployment": "Demo"
            },
            "tags_all": {
              "Deployment": "Demo"
            },
            "timeouts": null,
            "vpc_id": "vpc-055d687287912d006"
          },
          "sensitive_attributes": [],
          "private": "eyJlMmJmYjczMC1lY2FhLTExZTYtOGY4OC0zNDM2M2JjN2M0YzAiOnsiY3JlYXRlIjoxMjAwMDAwMDAwMDAwLCJkZWxldGUiOjEyMDAwMDAwMDAwMDAsInVwZGF0ZSI6MTIwMDAwMDAwMDAwMH19",
          "dependencies": [
            "aws_vpc.vpc-demo"
          ]
        }
      ]
    },
    {
      "mode": "managed",
      "type": "aws_key_pair",
      "name": "pk",
      "provider": "provider[\"registry.terraform.io/hashicorp/aws\"]",
      "instances": [
        {
          "schema_version": 1,
          "attributes": {
            "arn": "arn:aws:ec2:us-east-1:585479176787:key-pair/demokey",
            "fingerprint": "7e:c9:03:50:a3:7b:64:e3:a8:28:15:7f:9f:27:37:cb",
            "id": "demokey",
            "key_name": "demokey",
            "key_name_prefix": "",
            "key_pair_id": "key-0465e494cc6bb61d9",
            "key_type": "rsa",
            "public_key": "ssh-rsa AAAAB3NzaC1yc2EAAAADAQABAAACAQDDx8EwM+AVwnBVZqCbZQO88P3VZ+wg9dMtxxuB1OgRDBtH8cboLR26snnYHJej0mVrL6+lyrmkVG8IySxIFckxvynmliklK82Iyv7YQVR+mninG2eruOsxM/QhQVjbttJd6MVt3z2CTL7GeCWV5Zky5xchh49yLhwjfDnMFg23FoUGAHUeB30O4dwdTysYUyRK38lSm+LqjacdX9kiG5Ejva3ZfBbw/33tDL3Ov8glkKUAq9VBhVQELoDKQm8RWaG7E/sF8f5TTf/niZVNGviYVBiF+Sni/iB1URecglAVl0MOolnXLBBSIXOtLxUICzrV4v3P0ahctVNmSHAF0EBsGGGpFm7Zeih3TItsHiD5YOa1JoyyAOyyi1VhaPevB4knsl1EQ8qtXPW6G/PTCxmN4hqOmu2cFV0Grq/yLTn3p2rjjoSE6qOYYqOEZX8e3E/6+oRhAdjoTBJPH3mnvzEf9gw0bjqsvqJKFAKvErAJg/E+mY/52CFuRb/xPZMnnGDApvRhSag/6f57bYOv/EEdSJ3ff1O+dMlFIc3y2XiSI4TblntIKu7r1yT4yDL35qTPaF1OJ1ojAeYaWFczr6Yx3zigGRJuJLnBB8nLwAq6qbnwQV7GkJX7m6HCfWRxd+gUFUQ2b35cz6NraRShd9beVK+7bHiFkvCtGuVliAbmJw==",
            "tags": {
              "Deployment": "Demo"
            },
            "tags_all": {
              "Deployment": "Demo"
            }
          },
          "sensitive_attributes": [],
          "private": "eyJzY2hlbWFfdmVyc2lvbiI6IjEifQ==",
          "dependencies": [
            "tls_private_key.pk"
          ]
        }
      ]
    },
    {
      "mode": "managed",
      "type": "aws_route_table",
      "name": "demo-rt",
      "provider": "provider[\"registry.terraform.io/hashicorp/aws\"]",
      "instances": [
        {
          "schema_version": 0,
          "attributes": {
            "arn": "arn:aws:ec2:us-east-1:585479176787:route-table/rtb-0a516a58f2676a4b2",
            "id": "rtb-0a516a58f2676a4b2",
            "owner_id": "585479176787",
            "propagating_vgws": [],
            "route": [
              {
                "carrier_gateway_id": "",
                "cidr_block": "0.0.0.0/0",
                "core_network_arn": "",
                "destination_prefix_list_id": "",
                "egress_only_gateway_id": "",
                "gateway_id": "igw-0f5a4939b7979d1d0",
                "instance_id": "",
                "ipv6_cidr_block": "",
                "local_gateway_id": "",
                "nat_gateway_id": "",
                "network_interface_id": "",
                "transit_gateway_id": "",
                "vpc_endpoint_id": "",
                "vpc_peering_connection_id": ""
              }
            ],
            "tags": null,
            "tags_all": {},
            "timeouts": null,
            "vpc_id": "vpc-055d687287912d006"
          },
          "sensitive_attributes": [],
          "private": "eyJlMmJmYjczMC1lY2FhLTExZTYtOGY4OC0zNDM2M2JjN2M0YzAiOnsiY3JlYXRlIjozMDAwMDAwMDAwMDAsImRlbGV0ZSI6MzAwMDAwMDAwMDAwLCJ1cGRhdGUiOjEyMDAwMDAwMDAwMH19",
          "dependencies": [
            "aws_internet_gateway.demo-ig",
            "aws_vpc.vpc-demo"
          ]
        }
      ]
    },
    {
      "mode": "managed",
      "type": "aws_route_table_association",
      "name": "demo-rta",
      "provider": "provider[\"registry.terraform.io/hashicorp/aws\"]",
      "instances": [
        {
          "schema_version": 0,
          "attributes": {
            "gateway_id": "",
            "id": "rtbassoc-03214b2f62b6486b0",
            "route_table_id": "rtb-0a516a58f2676a4b2",
            "subnet_id": "subnet-00902cb3b70525ff7"
          },
          "sensitive_attributes": [],
          "private": "bnVsbA==",
          "dependencies": [
            "aws_internet_gateway.demo-ig",
            "aws_route_table.demo-rt",
            "aws_subnet.demo-subnet",
            "aws_vpc.vpc-demo"
          ]
        }
      ]
    },
    {
      "mode": "managed",
      "type": "aws_security_group",
      "name": "demo-sg",
      "provider": "provider[\"registry.terraform.io/hashicorp/aws\"]",
      "instances": [
        {
          "schema_version": 1,
          "attributes": {
            "arn": "arn:aws:ec2:us-east-1:585479176787:security-group/sg-0ad3473c8b682a3f8",
            "description": "Demo-Sec-Group",
            "egress": [
              {
                "cidr_blocks": [
                  "0.0.0.0/0"
                ],
                "description": "",
                "from_port": 0,
                "ipv6_cidr_blocks": [],
                "prefix_list_ids": [],
                "protocol": "-1",
                "security_groups": [],
                "self": false,
                "to_port": 0
              }
            ],
            "id": "sg-0ad3473c8b682a3f8",
            "ingress": [
              {
                "cidr_blocks": [
                  "68.201.197.12/32"
                ],
                "description": "",
                "from_port": 22,
                "ipv6_cidr_blocks": [],
                "prefix_list_ids": [],
                "protocol": "tcp",
                "security_groups": [],
                "self": false,
                "to_port": 22
              }
            ],
            "name": "Demo-Sec-Group",
            "name_prefix": "",
            "owner_id": "585479176787",
            "revoke_rules_on_delete": false,
            "tags": {
              "Deployment": "Demo"
            },
            "tags_all": {
              "Deployment": "Demo"
            },
            "timeouts": null,
            "vpc_id": "vpc-055d687287912d006"
          },
          "sensitive_attributes": [],
          "private": "eyJlMmJmYjczMC1lY2FhLTExZTYtOGY4OC0zNDM2M2JjN2M0YzAiOnsiY3JlYXRlIjo2MDAwMDAwMDAwMDAsImRlbGV0ZSI6OTAwMDAwMDAwMDAwfSwic2NoZW1hX3ZlcnNpb24iOiIxIn0=",
          "dependencies": [
            "aws_vpc.vpc-demo"
          ],
          "create_before_destroy": true
        }
      ]
    },
    {
      "mode": "managed",
      "type": "aws_subnet",
      "name": "demo-subnet",
      "provider": "provider[\"registry.terraform.io/hashicorp/aws\"]",
      "instances": [
        {
          "schema_version": 1,
          "attributes": {
            "arn": "arn:aws:ec2:us-east-1:585479176787:subnet/subnet-00902cb3b70525ff7",
            "assign_ipv6_address_on_creation": false,
            "availability_zone": "us-east-1c",
            "availability_zone_id": "use1-az2",
            "cidr_block": "10.10.1.0/24",
            "customer_owned_ipv4_pool": "",
            "enable_dns64": false,
            "enable_resource_name_dns_a_record_on_launch": false,
            "enable_resource_name_dns_aaaa_record_on_launch": false,
            "id": "subnet-00902cb3b70525ff7",
            "ipv6_cidr_block": "",
            "ipv6_cidr_block_association_id": "",
            "ipv6_native": false,
            "map_customer_owned_ip_on_launch": false,
            "map_public_ip_on_launch": false,
            "outpost_arn": "",
            "owner_id": "585479176787",
            "private_dns_hostname_type_on_launch": "ip-name",
            "tags": {
              "Deployment": "Demo",
              "Name": "demo-subnet"
            },
            "tags_all": {
              "Deployment": "Demo",
              "Name": "demo-subnet"
            },
            "timeouts": null,
            "vpc_id": "vpc-055d687287912d006"
          },
          "sensitive_attributes": [],
          "private": "eyJlMmJmYjczMC1lY2FhLTExZTYtOGY4OC0zNDM2M2JjN2M0YzAiOnsiY3JlYXRlIjo2MDAwMDAwMDAwMDAsImRlbGV0ZSI6MTIwMDAwMDAwMDAwMH0sInNjaGVtYV92ZXJzaW9uIjoiMSJ9",
          "dependencies": [
            "aws_vpc.vpc-demo"
          ]
        }
      ]
    },
    {
      "mode": "managed",
      "type": "aws_vpc",
      "name": "vpc-demo",
      "provider": "provider[\"registry.terraform.io/hashicorp/aws\"]",
      "instances": [
        {
          "schema_version": 1,
          "attributes": {
            "arn": "arn:aws:ec2:us-east-1:585479176787:vpc/vpc-055d687287912d006",
            "assign_generated_ipv6_cidr_block": false,
            "cidr_block": "10.10.0.0/16",
            "default_network_acl_id": "acl-00707f2a9c8ae4d96",
            "default_route_table_id": "rtb-0f2ecc74fcdc731d0",
            "default_security_group_id": "sg-0bc503c597b8ac5e1",
            "dhcp_options_id": "dopt-0d219170950d54aae",
            "enable_classiclink": false,
            "enable_classiclink_dns_support": false,
            "enable_dns_hostnames": false,
            "enable_dns_support": true,
            "enable_network_address_usage_metrics": false,
            "id": "vpc-055d687287912d006",
            "instance_tenancy": "default",
            "ipv4_ipam_pool_id": null,
            "ipv4_netmask_length": null,
            "ipv6_association_id": "",
            "ipv6_cidr_block": "",
            "ipv6_cidr_block_network_border_group": "",
            "ipv6_ipam_pool_id": "",
            "ipv6_netmask_length": 0,
            "main_route_table_id": "rtb-0f2ecc74fcdc731d0",
            "owner_id": "585479176787",
            "tags": {
              "Deployment": "Demo",
              "Name": "vpc-demo"
            },
            "tags_all": {
              "Deployment": "Demo",
              "Name": "vpc-demo"
            }
          },
          "sensitive_attributes": [],
          "private": "eyJzY2hlbWFfdmVyc2lvbiI6IjEifQ==",
          "create_before_destroy": true
        }
      ]
    },
    {
      "mode": "managed",
      "type": "tls_private_key",
      "name": "pk",
      "provider": "provider[\"registry.terraform.io/hashicorp/tls\"]",
      "instances": [
        {
          "schema_version": 1,
          "attributes": {
            "algorithm": "RSA",
            "ecdsa_curve": "P224",
            "id": "dfd09f474cf205c4779e8902aab32ab3985b4e81",
            "private_key_openssh": "-----BEGIN OPENSSH PRIVATE KEY-----\nb3BlbnNzaC1rZXktdjEAAAAABG5vbmUAAAAEbm9uZQAAAAAAAAABAAACFwAAAAdz\nc2gtcnNhAAAAAwEAAQAAAgEAw8fBMDPgFcJwVWagm2UDvPD91WfsIPXTLccbgdTo\nEQwbR/HG6C0durJ52ByXo9Jlay+vpcq5pFRvCMksSBXJMb8p5pYpJSvNiMr+2EFU\nfpp4pxtnq7jrMTP0IUFY27bSXejFbd89gky+xnglleWZMucXIYePci4cI3w5zBYN\ntxaFBgB1Hgd9DuHcHU8rGFMkSt/JUpvi6o2nHV/ZIhuRI72t2XwW8P997Qy9zr/I\nJZClAKvVQYVUBC6AykJvEVmhuxP7BfH+U03/54mVTRr4mFQYhfkp4v4gdVEXnIJQ\nFZdDDqJZ1ywQUiFzrS8VCAs61eL9z9GoXLVTZkhwBdBAbBhhqRZu2Xood0yLbB4g\n+WDmtSaMsgDssotVYWj3rweJJ7JdREPKrVz1uhvz0wsZjeIajprtnBVdBq6v8i05\n96dq446EhOqjmGKjhGV/HtxP+vqEYQHY6EwSTx95p78xH/YMNG46rL6iShQCrxKw\nCYPxPpmP+dghbkW/8T2TJ5xgwKb0YUmoP+n+e22Dr/xBHUid339TvnTJRSHN8tl4\nkiOE25Z7SCru69ck+Mgy9+akz2hdTidaIwHmGlhXM6+mMd84oBkSbiS5wQfJy8AK\nuqm58EFexpCV+5uhwn1kcXfoFBVENm9+XM+ja2kUoXfW3lSvu2x4hZLwrRrlZYgG\n5icAAAc4ZPzNgmT8zYIAAAAHc3NoLXJzYQAAAgEAw8fBMDPgFcJwVWagm2UDvPD9\n1WfsIPXTLccbgdToEQwbR/HG6C0durJ52ByXo9Jlay+vpcq5pFRvCMksSBXJMb8p\n5pYpJSvNiMr+2EFUfpp4pxtnq7jrMTP0IUFY27bSXejFbd89gky+xnglleWZMucX\nIYePci4cI3w5zBYNtxaFBgB1Hgd9DuHcHU8rGFMkSt/JUpvi6o2nHV/ZIhuRI72t\n2XwW8P997Qy9zr/IJZClAKvVQYVUBC6AykJvEVmhuxP7BfH+U03/54mVTRr4mFQY\nhfkp4v4gdVEXnIJQFZdDDqJZ1ywQUiFzrS8VCAs61eL9z9GoXLVTZkhwBdBAbBhh\nqRZu2Xood0yLbB4g+WDmtSaMsgDssotVYWj3rweJJ7JdREPKrVz1uhvz0wsZjeIa\njprtnBVdBq6v8i0596dq446EhOqjmGKjhGV/HtxP+vqEYQHY6EwSTx95p78xH/YM\nNG46rL6iShQCrxKwCYPxPpmP+dghbkW/8T2TJ5xgwKb0YUmoP+n+e22Dr/xBHUid\n339TvnTJRSHN8tl4kiOE25Z7SCru69ck+Mgy9+akz2hdTidaIwHmGlhXM6+mMd84\noBkSbiS5wQfJy8AKuqm58EFexpCV+5uhwn1kcXfoFBVENm9+XM+ja2kUoXfW3lSv\nu2x4hZLwrRrlZYgG5icAAAADAQABAAACAGdMd2dKh7qTbBfzXVyAcPd5JEU8Xv+J\nFRK7Uo0vW/7ap25PaIbKfzwpvVZEx9HdSjvC3meYzlihYDB/jMjADfcciSwsIKuH\nMBw0F0DdP4rJUE3DjPCzUg0U/4Ooag0LqnV4QutU9axRd/taG2K60RllivPbBdnV\n8Gzct9Yx8KygyjE/fowIoXh/vVcNlYxxGd4Ts7LNo23krb82+mcfqnX0N81fxu8D\nr1qq9V8oG5+OcTEoeQ3oHktSigut/9Jku4vs3+7kHy+vIQ32rvsO9wnQnVva+rnV\nIiUkU1P2AfFSbUREbyi0DCx5kAJZrDwhSLrf2NGVKsM3vThjkg/PMJ2rI6JtD/q6\nUydqRn62NwjobOEANS6UgRupCU6CN7NJX+iSXLT1R6C0Xe0cRs5BisKmXu0s9ZKe\nujpxLGjUpcPF6VD68ttFnL7zUUNtLRv2ZWFh80tr4DwhMU+ZYIwFAr0r7UJ2Uh0b\nZCt31ywrKyPdxp0EqoEf21hnVx7GoRieOatz8WFegYRBy1xZjl8J3t5cRipULI09\nMUksw4GF0Jo6N3TIyTN3FwSQEKEiuczRmFsxcPueAwk+Z4JsWMvTzzZoryAAay64\n0HJY1zZKK2dOsOx6OHMAUCr3eTCxMRzegni54Jh7yeHR8+idSXzhv/JvDxTAnC6f\nRwRse7xKSIXRAAABAQDOLhYoVBytWqFI5rNUV//sc1clLyCkhQXh6E2nDSVHhOtO\nIN0+gj88NfI7Or/NZ0JE/Is2CVkMws7sUyUKYORvI+WOI27Z9DlpbJ+4c0h5NHL7\nIa1Gg8lFK5+0tJ3c12zXrM6iqESZgvefkALIAdUSNyjTF295QXuXFlbE7UJ6KcuL\nIN71Rohd1XJH1PxIaUn6PVSETn7OLcbxbQsv8JKw904W6kKAGfeaKFHiJjzSDLPp\nPz9EZMVKPnvqZVTGu2+ziMRas4ciwX67FvnxVZq2gnnKcr2avdR3qU8J2lIBu13D\n1WZ6t6Q69kKbFa+YwOr8E13ML0F88E9rAgUDn8zGAAABAQD0BYQmfzBrameXT4+e\ndZj+jdFa+IXrgx2aT1WKZ3lSpVaJ4fE4JbLpg1/oDlgiRQ+VJXkDuGfXcPFhoNWC\nAc8W9PA7U2/LXNzEtoVoPN/P80ftRKn2JFsaWnF+fdyzuwGW4hYl4WXaZD3cbuZU\nS7/C7T52x0ZlHj3GbkWosuVs3+8Brm6A9II/Izdqx1IS2GuP7LPEDJYezrUmwqnx\nBZmHoftSikGSLrMRAZp4IvRweC2ubdtCoWwbafve4yzPOKs1RhyLcWmO5U2VdPM5\nSzLqL5VKK/uhZVAkCiZvdW8gWCArDY3plT4mJbNuJsE/aXzh/eWcKOJmBDxV4AAZ\n8EdJAAABAQDNZARqqIX0w9Z/yjDJsJwYmMUjKpR5F+CaP9UxHct9iKFpeTv6DqOM\n9hk+jOj46tma4XBx/FeXMVj6tnqtDQ2YqbkLP09iChpQAQntnI7+QZcMxSKdbX6I\nTezvEMOMaDiiQ+Ls/qRgjqJTvB4Scmu6f0SC0thYRokh5lumSiOk+EYvNL+ESARF\nTslJQxafi+rnXcDCGs76vlkuRwzA5kkCsPo/00rHffE4WRfLF3jYlAVawbmxDH8C\nYAKFPsBL0gKJiflDJIPTko17ZXkFPm1mJp3HmHJAY3/Ay5ZSSF3yQoqwTV56vmIZ\nrQWUnURe+ktfCPWGRVKlXwRKzjxRtJHvAAAAAAEC\n-----END OPENSSH PRIVATE KEY-----\n",
            "private_key_pem": "-----BEGIN RSA PRIVATE KEY-----\nMIIJKAIBAAKCAgEAw8fBMDPgFcJwVWagm2UDvPD91WfsIPXTLccbgdToEQwbR/HG\n6C0durJ52ByXo9Jlay+vpcq5pFRvCMksSBXJMb8p5pYpJSvNiMr+2EFUfpp4pxtn\nq7jrMTP0IUFY27bSXejFbd89gky+xnglleWZMucXIYePci4cI3w5zBYNtxaFBgB1\nHgd9DuHcHU8rGFMkSt/JUpvi6o2nHV/ZIhuRI72t2XwW8P997Qy9zr/IJZClAKvV\nQYVUBC6AykJvEVmhuxP7BfH+U03/54mVTRr4mFQYhfkp4v4gdVEXnIJQFZdDDqJZ\n1ywQUiFzrS8VCAs61eL9z9GoXLVTZkhwBdBAbBhhqRZu2Xood0yLbB4g+WDmtSaM\nsgDssotVYWj3rweJJ7JdREPKrVz1uhvz0wsZjeIajprtnBVdBq6v8i0596dq446E\nhOqjmGKjhGV/HtxP+vqEYQHY6EwSTx95p78xH/YMNG46rL6iShQCrxKwCYPxPpmP\n+dghbkW/8T2TJ5xgwKb0YUmoP+n+e22Dr/xBHUid339TvnTJRSHN8tl4kiOE25Z7\nSCru69ck+Mgy9+akz2hdTidaIwHmGlhXM6+mMd84oBkSbiS5wQfJy8AKuqm58EFe\nxpCV+5uhwn1kcXfoFBVENm9+XM+ja2kUoXfW3lSvu2x4hZLwrRrlZYgG5icCAwEA\nAQKCAgBnTHdnSoe6k2wX811cgHD3eSRFPF7/iRUSu1KNL1v+2qduT2iGyn88Kb1W\nRMfR3Uo7wt5nmM5YoWAwf4zIwA33HIksLCCrhzAcNBdA3T+KyVBNw4zws1INFP+D\nqGoNC6p1eELrVPWsUXf7WhtiutEZZYrz2wXZ1fBs3LfWMfCsoMoxP36MCKF4f71X\nDZWMcRneE7OyzaNt5K2/NvpnH6p19DfNX8bvA69aqvVfKBufjnExKHkN6B5LUooL\nrf/SZLuL7N/u5B8vryEN9q77DvcJ0J1b2vq51SIlJFNT9gHxUm1ERG8otAwseZAC\nWaw8IUi639jRlSrDN704Y5IPzzCdqyOibQ/6ulMnakZ+tjcI6GzhADUulIEbqQlO\ngjezSV/okly09UegtF3tHEbOQYrCpl7tLPWSnro6cSxo1KXDxelQ+vLbRZy+81FD\nbS0b9mVhYfNLa+A8ITFPmWCMBQK9K+1CdlIdG2Qrd9csKysj3cadBKqBH9tYZ1ce\nxqEYnjmrc/FhXoGEQctcWY5fCd7eXEYqVCyNPTFJLMOBhdCaOjd0yMkzdxcEkBCh\nIrnM0ZhbMXD7ngMJPmeCbFjL0882aK8gAGsuuNByWNc2SitnTrDsejhzAFAq93kw\nsTEc3oJ4ueCYe8nh0fPonUl84b/ybw8UwJwun0cEbHu8SkiF0QKCAQEA9AWEJn8w\na2pnl0+PnnWY/o3RWviF64Mdmk9Vimd5UqVWieHxOCWy6YNf6A5YIkUPlSV5A7hn\n13DxYaDVggHPFvTwO1Nvy1zcxLaFaDzfz/NH7USp9iRbGlpxfn3cs7sBluIWJeFl\n2mQ93G7mVEu/wu0+dsdGZR49xm5FqLLlbN/vAa5ugPSCPyM3asdSEthrj+yzxAyW\nHs61JsKp8QWZh6H7UopBki6zEQGaeCL0cHgtrm3bQqFsG2n73uMszzirNUYci3Fp\njuVNlXTzOUsy6i+VSiv7oWVQJAomb3VvIFggKw2N6ZU+JiWzbibBP2l84f3lnCji\nZgQ8VeAAGfBHSQKCAQEAzWQEaqiF9MPWf8owybCcGJjFIyqUeRfgmj/VMR3LfYih\naXk7+g6jjPYZPozo+OrZmuFwcfxXlzFY+rZ6rQ0NmKm5Cz9PYgoaUAEJ7ZyO/kGX\nDMUinW1+iE3s7xDDjGg4okPi7P6kYI6iU7weEnJrun9EgtLYWEaJIeZbpkojpPhG\nLzS/hEgERU7JSUMWn4vq513AwhrO+r5ZLkcMwOZJArD6P9NKx33xOFkXyxd42JQF\nWsG5sQx/AmAChT7AS9ICiYn5QySD05KNe2V5BT5tZiadx5hyQGN/wMuWUkhd8kKK\nsE1eer5iGa0FlJ1EXvpLXwj1hkVSpV8ESs48UbSR7wKCAQBkB5LZeQ/vKGoYk6uq\n6Ef0KUxlvzSei1vqMpU9LBeGsnIcCXupaYLCyHDbHm4wdiDiIb9OsBwZK5o3TAfZ\nyEYNAhEsMJLGSWXSWYOsbC/O/cpBUAFf/h0+W07k7FE5d/I52Kn9kzz+XlMhdnCC\no56TGE+fvyZzMwddvTxe4B6+F7nQ9aEkyZZOrW/9HIHfacoF8KDsP8CWFmQZ5Hhn\nbcU23Ua52iTw+KW81extTN7o78rCExRrZuJ7BmISRwvKUk+Ugg4Xd0EvK343Qv6l\nQNc5OpI3GnqG+ZH1hBenXvtTxexB2cePtfcJCjFYeRiElwhzV3H1JqlP6nKVPUKt\nX1rJAoIBAC0x5frmTFu4wDlsb2HiN+b9rtt3IianR2gJxcrCCKX9666+26DBmeGJ\nwbJO5XDolKuNEeYzJb8CP9cjUklEBwrhxfMgokIrgPC72chsW9a87hUESAKmNmKd\n6xYL9UuvH08tawDFY7xPho6wZVmfze7C1HuJE8wQ8VoBS4eC5ucFLsRycfYUtsPd\ne1NgrNi8vBrfOWw84/Cu9AbH4ZmM0uIBuX9T6i+NmgfRKvgomRHnOGppGIhJ/KS0\nJbnWPhAxDRfgwXWx0kQ7CmDtyjyKKR6CPtPNys46VsFAyzod7HZDiCsVS0XtIL8P\noJu8I3BW2UD3QreiB3aWOuaPDRzZhAcCggEBAM4uFihUHK1aoUjms1RX/+xzVyUv\nIKSFBeHoTacNJUeE604g3T6CPzw18js6v81nQkT8izYJWQzCzuxTJQpg5G8j5Y4j\nbtn0OWlsn7hzSHk0cvshrUaDyUUrn7S0ndzXbNeszqKoRJmC95+QAsgB1RI3KNMX\nb3lBe5cWVsTtQnopy4sg3vVGiF3VckfU/EhpSfo9VIROfs4txvFtCy/wkrD3Thbq\nQoAZ95ooUeImPNIMs+k/P0RkxUo+e+plVMa7b7OIxFqzhyLBfrsW+fFVmraCecpy\nvZq91HepTwnaUgG7XcPVZnq3pDr2QpsVr5jA6vwTXcwvQXzwT2sCBQOfzMY=\n-----END RSA PRIVATE KEY-----\n",
            "private_key_pem_pkcs8": "-----BEGIN PRIVATE KEY-----\nMIIJQgIBADANBgkqhkiG9w0BAQEFAASCCSwwggkoAgEAAoICAQDDx8EwM+AVwnBV\nZqCbZQO88P3VZ+wg9dMtxxuB1OgRDBtH8cboLR26snnYHJej0mVrL6+lyrmkVG8I\nySxIFckxvynmliklK82Iyv7YQVR+mninG2eruOsxM/QhQVjbttJd6MVt3z2CTL7G\neCWV5Zky5xchh49yLhwjfDnMFg23FoUGAHUeB30O4dwdTysYUyRK38lSm+Lqjacd\nX9kiG5Ejva3ZfBbw/33tDL3Ov8glkKUAq9VBhVQELoDKQm8RWaG7E/sF8f5TTf/n\niZVNGviYVBiF+Sni/iB1URecglAVl0MOolnXLBBSIXOtLxUICzrV4v3P0ahctVNm\nSHAF0EBsGGGpFm7Zeih3TItsHiD5YOa1JoyyAOyyi1VhaPevB4knsl1EQ8qtXPW6\nG/PTCxmN4hqOmu2cFV0Grq/yLTn3p2rjjoSE6qOYYqOEZX8e3E/6+oRhAdjoTBJP\nH3mnvzEf9gw0bjqsvqJKFAKvErAJg/E+mY/52CFuRb/xPZMnnGDApvRhSag/6f57\nbYOv/EEdSJ3ff1O+dMlFIc3y2XiSI4TblntIKu7r1yT4yDL35qTPaF1OJ1ojAeYa\nWFczr6Yx3zigGRJuJLnBB8nLwAq6qbnwQV7GkJX7m6HCfWRxd+gUFUQ2b35cz6Nr\naRShd9beVK+7bHiFkvCtGuVliAbmJwIDAQABAoICAGdMd2dKh7qTbBfzXVyAcPd5\nJEU8Xv+JFRK7Uo0vW/7ap25PaIbKfzwpvVZEx9HdSjvC3meYzlihYDB/jMjADfcc\niSwsIKuHMBw0F0DdP4rJUE3DjPCzUg0U/4Ooag0LqnV4QutU9axRd/taG2K60Rll\nivPbBdnV8Gzct9Yx8KygyjE/fowIoXh/vVcNlYxxGd4Ts7LNo23krb82+mcfqnX0\nN81fxu8Dr1qq9V8oG5+OcTEoeQ3oHktSigut/9Jku4vs3+7kHy+vIQ32rvsO9wnQ\nnVva+rnVIiUkU1P2AfFSbUREbyi0DCx5kAJZrDwhSLrf2NGVKsM3vThjkg/PMJ2r\nI6JtD/q6UydqRn62NwjobOEANS6UgRupCU6CN7NJX+iSXLT1R6C0Xe0cRs5BisKm\nXu0s9ZKeujpxLGjUpcPF6VD68ttFnL7zUUNtLRv2ZWFh80tr4DwhMU+ZYIwFAr0r\n7UJ2Uh0bZCt31ywrKyPdxp0EqoEf21hnVx7GoRieOatz8WFegYRBy1xZjl8J3t5c\nRipULI09MUksw4GF0Jo6N3TIyTN3FwSQEKEiuczRmFsxcPueAwk+Z4JsWMvTzzZo\nryAAay640HJY1zZKK2dOsOx6OHMAUCr3eTCxMRzegni54Jh7yeHR8+idSXzhv/Jv\nDxTAnC6fRwRse7xKSIXRAoIBAQD0BYQmfzBrameXT4+edZj+jdFa+IXrgx2aT1WK\nZ3lSpVaJ4fE4JbLpg1/oDlgiRQ+VJXkDuGfXcPFhoNWCAc8W9PA7U2/LXNzEtoVo\nPN/P80ftRKn2JFsaWnF+fdyzuwGW4hYl4WXaZD3cbuZUS7/C7T52x0ZlHj3GbkWo\nsuVs3+8Brm6A9II/Izdqx1IS2GuP7LPEDJYezrUmwqnxBZmHoftSikGSLrMRAZp4\nIvRweC2ubdtCoWwbafve4yzPOKs1RhyLcWmO5U2VdPM5SzLqL5VKK/uhZVAkCiZv\ndW8gWCArDY3plT4mJbNuJsE/aXzh/eWcKOJmBDxV4AAZ8EdJAoIBAQDNZARqqIX0\nw9Z/yjDJsJwYmMUjKpR5F+CaP9UxHct9iKFpeTv6DqOM9hk+jOj46tma4XBx/FeX\nMVj6tnqtDQ2YqbkLP09iChpQAQntnI7+QZcMxSKdbX6ITezvEMOMaDiiQ+Ls/qRg\njqJTvB4Scmu6f0SC0thYRokh5lumSiOk+EYvNL+ESARFTslJQxafi+rnXcDCGs76\nvlkuRwzA5kkCsPo/00rHffE4WRfLF3jYlAVawbmxDH8CYAKFPsBL0gKJiflDJIPT\nko17ZXkFPm1mJp3HmHJAY3/Ay5ZSSF3yQoqwTV56vmIZrQWUnURe+ktfCPWGRVKl\nXwRKzjxRtJHvAoIBAGQHktl5D+8oahiTq6roR/QpTGW/NJ6LW+oylT0sF4aychwJ\ne6lpgsLIcNsebjB2IOIhv06wHBkrmjdMB9nIRg0CESwwksZJZdJZg6xsL879ykFQ\nAV/+HT5bTuTsUTl38jnYqf2TPP5eUyF2cIKjnpMYT5+/JnMzB129PF7gHr4XudD1\noSTJlk6tb/0cgd9pygXwoOw/wJYWZBnkeGdtxTbdRrnaJPD4pbzV7G1M3ujvysIT\nFGtm4nsGYhJHC8pST5SCDhd3QS8rfjdC/qVA1zk6kjcaeob5kfWEF6de+1PF7EHZ\nx4+19wkKMVh5GISXCHNXcfUmqU/qcpU9Qq1fWskCggEALTHl+uZMW7jAOWxvYeI3\n5v2u23ciJqdHaAnFysIIpf3rrr7boMGZ4YnBsk7lcOiUq40R5jMlvwI/1yNSSUQH\nCuHF8yCiQiuA8LvZyGxb1rzuFQRIAqY2Yp3rFgv1S68fTy1rAMVjvE+GjrBlWZ/N\n7sLUe4kTzBDxWgFLh4Lm5wUuxHJx9hS2w917U2Cs2Ly8Gt85bDzj8K70BsfhmYzS\n4gG5f1PqL42aB9Eq+CiZEec4amkYiEn8pLQludY+EDENF+DBdbHSRDsKYO3KPIop\nHoI+083KzjpWwUDLOh3sdkOIKxVLRe0gvw+gm7wjcFbZQPdCt6IHdpY65o8NHNmE\nBwKCAQEAzi4WKFQcrVqhSOazVFf/7HNXJS8gpIUF4ehNpw0lR4TrTiDdPoI/PDXy\nOzq/zWdCRPyLNglZDMLO7FMlCmDkbyPljiNu2fQ5aWyfuHNIeTRy+yGtRoPJRSuf\ntLSd3Nds16zOoqhEmYL3n5ACyAHVEjco0xdveUF7lxZWxO1CeinLiyDe9UaIXdVy\nR9T8SGlJ+j1UhE5+zi3G8W0LL/CSsPdOFupCgBn3mihR4iY80gyz6T8/RGTFSj57\n6mVUxrtvs4jEWrOHIsF+uxb58VWatoJ5ynK9mr3Ud6lPCdpSAbtdw9VmerekOvZC\nmxWvmMDq/BNdzC9BfPBPawIFA5/Mxg==\n-----END PRIVATE KEY-----\n",
            "public_key_fingerprint_md5": "a9:f6:8b:9b:dc:ec:99:f7:91:8e:6f:ff:37:26:e6:3f",
            "public_key_fingerprint_sha256": "SHA256:TA2AiQrXM9AKbckwoNrMAWPSFQ/mkDQJQ0OVXZEE3KQ",
            "public_key_openssh": "ssh-rsa AAAAB3NzaC1yc2EAAAADAQABAAACAQDDx8EwM+AVwnBVZqCbZQO88P3VZ+wg9dMtxxuB1OgRDBtH8cboLR26snnYHJej0mVrL6+lyrmkVG8IySxIFckxvynmliklK82Iyv7YQVR+mninG2eruOsxM/QhQVjbttJd6MVt3z2CTL7GeCWV5Zky5xchh49yLhwjfDnMFg23FoUGAHUeB30O4dwdTysYUyRK38lSm+LqjacdX9kiG5Ejva3ZfBbw/33tDL3Ov8glkKUAq9VBhVQELoDKQm8RWaG7E/sF8f5TTf/niZVNGviYVBiF+Sni/iB1URecglAVl0MOolnXLBBSIXOtLxUICzrV4v3P0ahctVNmSHAF0EBsGGGpFm7Zeih3TItsHiD5YOa1JoyyAOyyi1VhaPevB4knsl1EQ8qtXPW6G/PTCxmN4hqOmu2cFV0Grq/yLTn3p2rjjoSE6qOYYqOEZX8e3E/6+oRhAdjoTBJPH3mnvzEf9gw0bjqsvqJKFAKvErAJg/E+mY/52CFuRb/xPZMnnGDApvRhSag/6f57bYOv/EEdSJ3ff1O+dMlFIc3y2XiSI4TblntIKu7r1yT4yDL35qTPaF1OJ1ojAeYaWFczr6Yx3zigGRJuJLnBB8nLwAq6qbnwQV7GkJX7m6HCfWRxd+gUFUQ2b35cz6NraRShd9beVK+7bHiFkvCtGuVliAbmJw==\n",
            "public_key_pem": "-----BEGIN PUBLIC KEY-----\nMIICIjANBgkqhkiG9w0BAQEFAAOCAg8AMIICCgKCAgEAw8fBMDPgFcJwVWagm2UD\nvPD91WfsIPXTLccbgdToEQwbR/HG6C0durJ52ByXo9Jlay+vpcq5pFRvCMksSBXJ\nMb8p5pYpJSvNiMr+2EFUfpp4pxtnq7jrMTP0IUFY27bSXejFbd89gky+xnglleWZ\nMucXIYePci4cI3w5zBYNtxaFBgB1Hgd9DuHcHU8rGFMkSt/JUpvi6o2nHV/ZIhuR\nI72t2XwW8P997Qy9zr/IJZClAKvVQYVUBC6AykJvEVmhuxP7BfH+U03/54mVTRr4\nmFQYhfkp4v4gdVEXnIJQFZdDDqJZ1ywQUiFzrS8VCAs61eL9z9GoXLVTZkhwBdBA\nbBhhqRZu2Xood0yLbB4g+WDmtSaMsgDssotVYWj3rweJJ7JdREPKrVz1uhvz0wsZ\njeIajprtnBVdBq6v8i0596dq446EhOqjmGKjhGV/HtxP+vqEYQHY6EwSTx95p78x\nH/YMNG46rL6iShQCrxKwCYPxPpmP+dghbkW/8T2TJ5xgwKb0YUmoP+n+e22Dr/xB\nHUid339TvnTJRSHN8tl4kiOE25Z7SCru69ck+Mgy9+akz2hdTidaIwHmGlhXM6+m\nMd84oBkSbiS5wQfJy8AKuqm58EFexpCV+5uhwn1kcXfoFBVENm9+XM+ja2kUoXfW\n3lSvu2x4hZLwrRrlZYgG5icCAwEAAQ==\n-----END PUBLIC KEY-----\n",
            "rsa_bits": 4096
          },
          "sensitive_attributes": []
        }
      ]
    }
  ],
  "check_results": null
}
